
Microsoft Visual Studio Solution File, Format Version 12.00
# Visual Studio Version 17
VisualStudioVersion = 17.10.35027.167
MinimumVisualStudioVersion = 10.0.40219.1
Project("{FAE04EC0-301F-11D3-BF4B-00C04F79EFBC}") = "InventarioBack", "InventarioBack\InventarioBack.csproj", "{EC7C3292-5F4B-4715-8401-80A71C63F38E}"
EndProject
Project("{FAE04EC0-301F-11D3-BF4B-00C04F79EFBC}") = "InventarioControlador", "InventarioControlador\InventarioControlador.csproj", "{C72FC42B-EF09-46C7-8386-F6264CCE3ED5}"
EndProject
Project("{FAE04EC0-301F-11D3-BF4B-00C04F79EFBC}") = "InventarioFront", "InventarioFront\InventarioFront.csproj", "{BAE34369-8E2F-4403-A682-E144BDA97BA8}"
EndProject
Global
	GlobalSection(SolutionConfigurationPlatforms) = preSolution
		Debug|Any CPU = Debug|Any CPU
		Release|Any CPU = Release|Any CPU
	EndGlobalSection
	GlobalSection(ProjectConfigurationPlatforms) = postSolution
		{EC7C3292-5F4B-4715-8401-80A71C63F38E}.Debug|Any CPU.ActiveCfg = Debug|Any CPU
		{EC7C3292-5F4B-4715-8401-80A71C63F38E}.Debug|Any CPU.Build.0 = Debug|Any CPU
		{EC7C3292-5F4B-4715-8401-80A71C63F38E}.Release|Any CPU.ActiveCfg = Release|Any CPU
		{EC7C3292-5F4B-4715-8401-80A71C63F38E}.Release|Any CPU.Build.0 = Release|Any CPU
		{C72FC42B-EF09-46C7-8386-F6264CCE3ED5}.Debug|Any CPU.ActiveCfg = Debug|Any CPU
		{C72FC42B-EF09-46C7-8386-F6264CCE3ED5}.Debug|Any CPU.Build.0 = Debug|Any CPU
		{C72FC42B-EF09-46C7-8386-F6264CCE3ED5}.Release|Any CPU.ActiveCfg = Release|Any CPU
		{C72FC42B-EF09-46C7-8386-F6264CCE3ED5}.Release|Any CPU.Build.0 = Release|Any CPU
		{BAE34369-8E2F-4403-A682-E144BDA97BA8}.Debug|Any CPU.ActiveCfg = Debug|Any CPU
		{BAE34369-8E2F-4403-A682-E144BDA97BA8}.Debug|Any CPU.Build.0 = Debug|Any CPU
		{BAE34369-8E2F-4403-A682-E144BDA97BA8}.Release|Any CPU.ActiveCfg = Release|Any CPU
		{BAE34369-8E2F-4403-A682-E144BDA97BA8}.Release|Any CPU.Build.0 = Release|Any CPU
	EndGlobalSection
	GlobalSection(SolutionProperties) = preSolution
		HideSolutionNode = FALSE
	EndGlobalSection
	GlobalSection(ExtensibilityGlobals) = postSolution
		SolutionGuid = {B4DAAB3E-04A4-4212-A1D3-93B96D025FA3}
	EndGlobalSection
EndGlobal
